Microsoft Visual Studio Solution File, Format Version 12.00
# Visual Studio Version 17
VisualStudioVersion = 17.0.31903.59
MinimumVisualStudioVersion = 10.0.40219.1
Project("{9A19103F-16F7-4668-BE54-9A1E7A4F7556}") = "CourseManager.API", "CourseManager.API.csproj", "{A1B2C3D4-E5F6-7890-ABCD-EF1234567890}"
EndProject
Project("{9A19103F-16F7-4668-BE54-9A1E7A4F7556}") = "CourseManager.Shared", "Shared\CourseManager.Shared\CourseManager.Shared.csproj", "{868E14E2-9770-4EBD-98DC-68123A7DF6F8}"
EndProject
Project("{9A19103F-16F7-4668-BE54-9A1E7A4F7556}") = "CourseService.API", "Microservices\CourseService\CourseService.API.csproj", "{6A652D7D-71C3-4CDF-A7F8-7E656763377D}"
EndProject
Project("{9A19103F-16F7-4668-BE54-9A1E7A4F7556}") = "OrderService.API", "Microservices\OrderService\OrderService.API.csproj", "{F45A99D1-9DAE-4306-8D18-51EC8F80BADA}"
EndProject
Project("{9A19103F-16F7-4668-BE54-9A1E7A4F7556}") = "AuthService.API", "Microservices\AuthService\AuthService.API.csproj", "{F688863E-2A90-4F5A-8FD8-C9B88BFC3652}"
EndProject
Project("{9A19103F-16F7-4668-BE54-9A1E7A4F7556}") = "ApiGateway", "Microservices\ApiGateway\ApiGateway.csproj", "{8EAB8BE2-A68E-4734-8E69-D64C49A5475A}"
EndProject
Global
	GlobalSection(SolutionConfigurationPlatforms) = preSolution
		Debug|Any CPU = Debug|Any CPU
		Release|Any CPU = Release|Any CPU
	EndGlobalSection
	GlobalSection(ProjectConfigurationPlatforms) = postSolution
		{A1B2C3D4-E5F6-7890-ABCD-EF1234567890}.Debug|Any CPU.ActiveCfg = Debug|Any CPU
		{A1B2C3D4-E5F6-7890-ABCD-EF1234567890}.Debug|Any CPU.Build.0 = Debug|Any CPU
		{A1B2C3D4-E5F6-7890-ABCD-EF1234567890}.Release|Any CPU.ActiveCfg = Release|Any CPU
		{A1B2C3D4-E5F6-7890-ABCD-EF1234567890}.Release|Any CPU.Build.0 = Release|Any CPU
		{868E14E2-9770-4EBD-98DC-68123A7DF6F8}.Debug|Any CPU.ActiveCfg = Debug|Any CPU
		{868E14E2-9770-4EBD-98DC-68123A7DF6F8}.Debug|Any CPU.Build.0 = Debug|Any CPU
		{868E14E2-9770-4EBD-98DC-68123A7DF6F8}.Release|Any CPU.ActiveCfg = Release|Any CPU
		{868E14E2-9770-4EBD-98DC-68123A7DF6F8}.Release|Any CPU.Build.0 = Release|Any CPU
		{6A652D7D-71C3-4CDF-A7F8-7E656763377D}.Debug|Any CPU.ActiveCfg = Debug|Any CPU
		{6A652D7D-71C3-4CDF-A7F8-7E656763377D}.Debug|Any CPU.Build.0 = Debug|Any CPU
		{6A652D7D-71C3-4CDF-A7F8-7E656763377D}.Release|Any CPU.ActiveCfg = Release|Any CPU
		{6A652D7D-71C3-4CDF-A7F8-7E656763377D}.Release|Any CPU.Build.0 = Release|Any CPU
		{F45A99D1-9DAE-4306-8D18-51EC8F80BADA}.Debug|Any CPU.ActiveCfg = Debug|Any CPU
		{F45A99D1-9DAE-4306-8D18-51EC8F80BADA}.Debug|Any CPU.Build.0 = Debug|Any CPU
		{F45A99D1-9DAE-4306-8D18-51EC8F80BADA}.Release|Any CPU.ActiveCfg = Release|Any CPU
		{F45A99D1-9DAE-4306-8D18-51EC8F80BADA}.Release|Any CPU.Build.0 = Release|Any CPU
		{F688863E-2A90-4F5A-8FD8-C9B88BFC3652}.Debug|Any CPU.ActiveCfg = Debug|Any CPU
		{F688863E-2A90-4F5A-8FD8-C9B88BFC3652}.Debug|Any CPU.Build.0 = Debug|Any CPU
		{F688863E-2A90-4F5A-8FD8-C9B88BFC3652}.Release|Any CPU.ActiveCfg = Release|Any CPU
		{F688863E-2A90-4F5A-8FD8-C9B88BFC3652}.Release|Any CPU.Build.0 = Release|Any CPU
		{8EAB8BE2-A68E-4734-8E69-D64C49A5475A}.Debug|Any CPU.ActiveCfg = Debug|Any CPU
		{8EAB8BE2-A68E-4734-8E69-D64C49A5475A}.Debug|Any CPU.Build.0 = Debug|Any CPU
		{8EAB8BE2-A68E-4734-8E69-D64C49A5475A}.Release|Any CPU.ActiveCfg = Release|Any CPU
		{8EAB8BE2-A68E-4734-8E69-D64C49A5475A}.Release|Any CPU.Build.0 = Release|Any CPU
	EndGlobalSection
	GlobalSection(SolutionProperties) = preSolution
		HideSolutionNode = FALSE
	EndGlobalSection
	GlobalSection(ExtensibilityGlobals) = postSolution
		SolutionGuid = {12345678-1234-1234-1234-123456789012}
	EndGlobalSection
EndGlobal
